
Microsoft Visual Studio Solution File, Format Version 12.00
# Visual Studio Version 17
VisualStudioVersion = 17.5.002.0
MinimumVisualStudioVersion = 10.0.40219.1
Project("{9A19103F-16F7-4668-BE54-9A1E7A4F7556}") = "HelloWorld", "HelloWorld.csproj", "{46A5CDAF-FB92-481D-B710-3AA21C58F8BC}"
EndProject
Global
	GlobalSection(SolutionConfigurationPlatforms) = preSolution
		Debug|Any CPU = Debug|Any CPU
		Release|Any CPU = Release|Any CPU
	EndGlobalSection
	GlobalSection(ProjectConfigurationPlatforms) = postSolution
		{46A5CDAF-FB92-481D-B710-3AA21C58F8BC}.Debug|Any CPU.ActiveCfg = Debug|Any CPU
		{46A5CDAF-FB92-481D-B710-3AA21C58F8BC}.Debug|Any CPU.Build.0 = Debug|Any CPU
		{46A5CDAF-FB92-481D-B710-3AA21C58F8BC}.Release|Any CPU.ActiveCfg = Release|Any CPU
		{46A5CDAF-FB92-481D-B710-3AA21C58F8BC}.Release|Any CPU.Build.0 = Release|Any CPU
	EndGlobalSection
	GlobalSection(SolutionProperties) = preSolution
		HideSolutionNode = FALSE
	EndGlobalSection
	GlobalSection(ExtensibilityGlobals) = postSolution
		SolutionGuid = {25AFC2C4-D851-469F-B831-2508904D8550}
	EndGlobalSection
EndGlobal
